[[package]]
name = "dearpygui"
version = "1.1"
description = "DearPyGui: A simple Python GUI Toolkit"
category = "main"
optional = false
python-versions = ">=3.6"

[metadata]
lock-version = "1.1"
python-versions = "^3.9"
content-hash = "e2126a2bde3080ba189ada9e041a5524f53c71dfd2337d878c78a15ab2e24cbb"

[metadata.files]
dearpygui = [
    {file = "dearpygui-1.1-cp310-cp310-macosx_10_6_x86_64.whl", hash = "sha256:78d8294bd4e4a1a59d653fb1a96035a3131cf6737b8121ea21b6861aa38f30e0"},
    {file = "dearpygui-1.1-cp310-cp310-manylinux1_x86_64.whl", hash = "sha256:d9dfdb4251dd31a8ea5f1aa15e5fc41e8074f894ca5b8eba2125a4a2e2b479a2"},
    {file = "dearpygui-1.1-cp310-cp310-win_amd64.whl", hash = "sha256:8ac363668eb1fdb4dbbc1adf13c1f412ac195c515d0475cdfadec0ee73cde3bc"},
    {file = "dearpygui-1.1-cp36-cp36m-macosx_10_6_x86_64.whl", hash = "sha256:1bef3c6ef3a601c0443f0bbc9e417ccee362288c26404596af0083ba3d82aa1e"},
    {file = "dearpygui-1.1-cp36-cp36m-manylinux1_x86_64.whl", hash = "sha256:87196411b1561094f3902993740eb868cad718a5c4f460f6e4a3df00088e0900"},
    {file = "dearpygui-1.1-cp36-cp36m-win_amd64.whl", hash = "sha256:fac3fb122fc53069db2e83c0c27782a8e612a77a4ea7deaa5d5d6fbd7638ec71"},
    {file = "dearpygui-1.1-cp37-cp37m-macosx_10_6_x86_64.whl", hash = "sha256:6cd1f9efae8d9ca19b979509dde11ba224ab430fd8198c43d3da59d1c1725c43"},
    {file = "dearpygui-1.1-cp37-cp37m-manylinux1_x86_64.whl", hash = "sha256:c9dc991fdc96500da15ea3dea75d4118432147418447fb2976e6ea2c320eb103"},
    {file = "dearpygui-1.1-cp37-cp37m-win_amd64.whl", hash = "sha256:7fc7d00c4149ad3798c37fd68ba4923c6fad635a0acd882920e6c9f157bc91a2"},
    {file = "dearpygui-1.1-cp38-cp38-macosx_10_6_x86_64.whl", hash = "sha256:5db858080191a89ee28789a7ba16f318fd44d0ecee0b018dd1ab7cedad3b7c40"},
    {file = "dearpygui-1.1-cp38-cp38-manylinux1_x86_64.whl", hash = "sha256:0e9e023ff66b10b50bf552a51b6db3a9ae588becb7faf736b5fcca540a0549a2"},
    {file = "dearpygui-1.1-cp38-cp38-win_amd64.whl", hash = "sha256:26106482784029e55b76e152646b3b73ba7caa7e3527179d649408d8c34adbae"},
    {file = "dearpygui-1.1-cp39-cp39-macosx_10_6_x86_64.whl", hash = "sha256:bd777ca3f9db50d04a5b4707e968a088b6ccfbfa35c96e7cea988bbc911b0af3"},
    {file = "dearpygui-1.1-cp39-cp39-manylinux1_x86_64.whl", hash = "sha256:aee247f50bab7f0fad6952a3f1d6cbdbc42a9beadeb6969aa9dcd32e7c9bc278"},
    {file = "dearpygui-1.1-cp39-cp39-win_amd64.whl", hash = "sha256:d71c2c647f1102527481319d13a9c441bdd97307b1790b3855b210a30c44d18a"},
    {file = "dearpygui-1.1.0-cp37-cp37m-linux_armv7l.whl", hash = "sha256:bc7687fc7251415dd8532e35e181c0daf563f60367620c89abaedc8d55d78cf3"},
]
